
Microsoft Visual Studio Solution File, Format Version 12.00
# Visual Studio Version 17
VisualStudioVersion = 17.11.35222.181
MinimumVisualStudioVersion = 10.0.40219.1
Project("{9A19103F-16F7-4668-BE54-9A1E7A4F7556}") = "PacioliBank.Ledger", "src\PacioliBank.Ledger\PacioliBank.Ledger.csproj", "{811BBD7F-B360-5BAA-AB7C-CA8A37915FD3}"
EndProject
Project("{9A19103F-16F7-4668-BE54-9A1E7A4F7556}") = "PacioliBank.Ledger.Persistence", "src\PacioliBank.Ledger.Persistence\PacioliBank.Ledger.Persistence.csproj", "{E1E6693B-71F6-54DA-BC31-CC8C55286B81}"
EndProject
Project("{9A19103F-16F7-4668-BE54-9A1E7A4F7556}") = "PacioliBank.Api", "src\PacioliBank.Api\PacioliBank.Api.csproj", "{A7395900-7163-5617-9ACF-492ACCF5EF90}"
EndProject
Project("{9A19103F-16F7-4668-BE54-9A1E7A4F7556}") = "PacioliBank.Domain.Tests", "tests\PacioliBank.Domain.Tests\PacioliBank.Domain.Tests.csproj", "{BA949627-00AB-5659-BF06-F323129FA48D}"
EndProject
Project("{9A19103F-16F7-4668-BE54-9A1E7A4F7556}") = "PacioliBank.Integration.Tests", "tests\PacioliBank.Integration.Tests\PacioliBank.Integration.Tests.csproj", "{A56B655D-506F-5135-AD57-C65C64AAABBF}"
EndProject
Project("{2150E333-8FDC-42A3-9474-1A3956D46DE8}") = "src", "src", "{827E0CD3-B72D-47B6-A68D-7590B98EB39B}"
EndProject
Project("{FAE04EC0-301F-11D3-BF4B-00C04F79EFBC}") = "PacioliBank.Events", "src\PacioliBank.Events\PacioliBank.Events.csproj", "{1D209336-4BD1-4815-B6CF-13D9924CC957}"
EndProject
Project("{2150E333-8FDC-42A3-9474-1A3956D46DE8}") = "tests", "tests", "{0AB3BF05-4346-4AA6-1389-037BE0695223}"
EndProject
Project("{FAE04EC0-301F-11D3-BF4B-00C04F79EFBC}") = "PacioliBank.Contract.Tests", "tests\PacioliBank.Contract.Tests\PacioliBank.Contract.Tests.csproj", "{652A98E6-DFD1-44BD-8857-96362B8E5C5F}"
EndProject
Project("{FAE04EC0-301F-11D3-BF4B-00C04F79EFBC}") = "PacioliBank.Architecture.Tests", "tests\PacioliBank.Architecture.Tests\PacioliBank.Architecture.Tests.csproj", "{6F31B00A-F54C-47D4-BE20-521AEBB76560}"
EndProject
Global
	GlobalSection(SolutionConfigurationPlatforms) = preSolution
		Debug|Any CPU = Debug|Any CPU
		Debug|x64 = Debug|x64
		Debug|x86 = Debug|x86
		Release|Any CPU = Release|Any CPU
		Release|x64 = Release|x64
		Release|x86 = Release|x86
	EndGlobalSection
	GlobalSection(ProjectConfigurationPlatforms) = postSolution
		{811BBD7F-B360-5BAA-AB7C-CA8A37915FD3}.Debug|Any CPU.ActiveCfg = Debug|Any CPU
		{811BBD7F-B360-5BAA-AB7C-CA8A37915FD3}.Debug|Any CPU.Build.0 = Debug|Any CPU
		{811BBD7F-B360-5BAA-AB7C-CA8A37915FD3}.Debug|x64.ActiveCfg = Debug|Any CPU
		{811BBD7F-B360-5BAA-AB7C-CA8A37915FD3}.Debug|x64.Build.0 = Debug|Any CPU
		{811BBD7F-B360-5BAA-AB7C-CA8A37915FD3}.Debug|x86.ActiveCfg = Debug|Any CPU
		{811BBD7F-B360-5BAA-AB7C-CA8A37915FD3}.Debug|x86.Build.0 = Debug|Any CPU
		{811BBD7F-B360-5BAA-AB7C-CA8A37915FD3}.Release|Any CPU.ActiveCfg = Release|Any CPU
		{811BBD7F-B360-5BAA-AB7C-CA8A37915FD3}.Release|Any CPU.Build.0 = Release|Any CPU
		{811BBD7F-B360-5BAA-AB7C-CA8A37915FD3}.Release|x64.ActiveCfg = Release|Any CPU
		{811BBD7F-B360-5BAA-AB7C-CA8A37915FD3}.Release|x64.Build.0 = Release|Any CPU
		{811BBD7F-B360-5BAA-AB7C-CA8A37915FD3}.Release|x86.ActiveCfg = Release|Any CPU
		{811BBD7F-B360-5BAA-AB7C-CA8A37915FD3}.Release|x86.Build.0 = Release|Any CPU
		{E1E6693B-71F6-54DA-BC31-CC8C55286B81}.Debug|Any CPU.ActiveCfg = Debug|Any CPU
		{E1E6693B-71F6-54DA-BC31-CC8C55286B81}.Debug|Any CPU.Build.0 = Debug|Any CPU
		{E1E6693B-71F6-54DA-BC31-CC8C55286B81}.Debug|x64.ActiveCfg = Debug|Any CPU
		{E1E6693B-71F6-54DA-BC31-CC8C55286B81}.Debug|x64.Build.0 = Debug|Any CPU
		{E1E6693B-71F6-54DA-BC31-CC8C55286B81}.Debug|x86.ActiveCfg = Debug|Any CPU
		{E1E6693B-71F6-54DA-BC31-CC8C55286B81}.Debug|x86.Build.0 = Debug|Any CPU
		{E1E6693B-71F6-54DA-BC31-CC8C55286B81}.Release|Any CPU.ActiveCfg = Release|Any CPU
		{E1E6693B-71F6-54DA-BC31-CC8C55286B81}.Release|Any CPU.Build.0 = Release|Any CPU
		{E1E6693B-71F6-54DA-BC31-CC8C55286B81}.Release|x64.ActiveCfg = Release|Any CPU
		{E1E6693B-71F6-54DA-BC31-CC8C55286B81}.Release|x64.Build.0 = Release|Any CPU
		{E1E6693B-71F6-54DA-BC31-CC8C55286B81}.Release|x86.ActiveCfg = Release|Any CPU
		{E1E6693B-71F6-54DA-BC31-CC8C55286B81}.Release|x86.Build.0 = Release|Any CPU
		{A7395900-7163-5617-9ACF-492ACCF5EF90}.Debug|Any CPU.ActiveCfg = Debug|Any CPU
		{A7395900-7163-5617-9ACF-492ACCF5EF90}.Debug|Any CPU.Build.0 = Debug|Any CPU
		{A7395900-7163-5617-9ACF-492ACCF5EF90}.Debug|x64.ActiveCfg = Debug|Any CPU
		{A7395900-7163-5617-9ACF-492ACCF5EF90}.Debug|x64.Build.0 = Debug|Any CPU
		{A7395900-7163-5617-9ACF-492ACCF5EF90}.Debug|x86.ActiveCfg = Debug|Any CPU
		{A7395900-7163-5617-9ACF-492ACCF5EF90}.Debug|x86.Build.0 = Debug|Any CPU
		{A7395900-7163-5617-9ACF-492ACCF5EF90}.Release|Any CPU.ActiveCfg = Release|Any CPU
		{A7395900-7163-5617-9ACF-492ACCF5EF90}.Release|Any CPU.Build.0 = Release|Any CPU
		{A7395900-7163-5617-9ACF-492ACCF5EF90}.Release|x64.ActiveCfg = Release|Any CPU
		{A7395900-7163-5617-9ACF-492ACCF5EF90}.Release|x64.Build.0 = Release|Any CPU
		{A7395900-7163-5617-9ACF-492ACCF5EF90}.Release|x86.ActiveCfg = Release|Any CPU
		{A7395900-7163-5617-9ACF-492ACCF5EF90}.Release|x86.Build.0 = Release|Any CPU
		{BA949627-00AB-5659-BF06-F323129FA48D}.Debug|Any CPU.ActiveCfg = Debug|Any CPU
		{BA949627-00AB-5659-BF06-F323129FA48D}.Debug|Any CPU.Build.0 = Debug|Any CPU
		{BA949627-00AB-5659-BF06-F323129FA48D}.Debug|x64.ActiveCfg = Debug|Any CPU
		{BA949627-00AB-5659-BF06-F323129FA48D}.Debug|x64.Build.0 = Debug|Any CPU
		{BA949627-00AB-5659-BF06-F323129FA48D}.Debug|x86.ActiveCfg = Debug|Any CPU
		{BA949627-00AB-5659-BF06-F323129FA48D}.Debug|x86.Build.0 = Debug|Any CPU
		{BA949627-00AB-5659-BF06-F323129FA48D}.Release|Any CPU.ActiveCfg = Release|Any CPU
		{BA949627-00AB-5659-BF06-F323129FA48D}.Release|Any CPU.Build.0 = Release|Any CPU
		{BA949627-00AB-5659-BF06-F323129FA48D}.Release|x64.ActiveCfg = Release|Any CPU
		{BA949627-00AB-5659-BF06-F323129FA48D}.Release|x64.Build.0 = Release|Any CPU
		{BA949627-00AB-5659-BF06-F323129FA48D}.Release|x86.ActiveCfg = Release|Any CPU
		{BA949627-00AB-5659-BF06-F323129FA48D}.Release|x86.Build.0 = Release|Any CPU
		{A56B655D-506F-5135-AD57-C65C64AAABBF}.Debug|Any CPU.ActiveCfg = Debug|Any CPU
		{A56B655D-506F-5135-AD57-C65C64AAABBF}.Debug|Any CPU.Build.0 = Debug|Any CPU
		{A56B655D-506F-5135-AD57-C65C64AAABBF}.Debug|x64.ActiveCfg = Debug|Any CPU
		{A56B655D-506F-5135-AD57-C65C64AAABBF}.Debug|x64.Build.0 = Debug|Any CPU
		{A56B655D-506F-5135-AD57-C65C64AAABBF}.Debug|x86.ActiveCfg = Debug|Any CPU
		{A56B655D-506F-5135-AD57-C65C64AAABBF}.Debug|x86.Build.0 = Debug|Any CPU
		{A56B655D-506F-5135-AD57-C65C64AAABBF}.Release|Any CPU.ActiveCfg = Release|Any CPU
		{A56B655D-506F-5135-AD57-C65C64AAABBF}.Release|Any CPU.Build.0 = Release|Any CPU
		{A56B655D-506F-5135-AD57-C65C64AAABBF}.Release|x64.ActiveCfg = Release|Any CPU
		{A56B655D-506F-5135-AD57-C65C64AAABBF}.Release|x64.Build.0 = Release|Any CPU
		{A56B655D-506F-5135-AD57-C65C64AAABBF}.Release|x86.ActiveCfg = Release|Any CPU
		{A56B655D-506F-5135-AD57-C65C64AAABBF}.Release|x86.Build.0 = Release|Any CPU
		{1D209336-4BD1-4815-B6CF-13D9924CC957}.Debug|Any CPU.ActiveCfg = Debug|Any CPU
		{1D209336-4BD1-4815-B6CF-13D9924CC957}.Debug|Any CPU.Build.0 = Debug|Any CPU
		{1D209336-4BD1-4815-B6CF-13D9924CC957}.Debug|x64.ActiveCfg = Debug|Any CPU
		{1D209336-4BD1-4815-B6CF-13D9924CC957}.Debug|x64.Build.0 = Debug|Any CPU
		{1D209336-4BD1-4815-B6CF-13D9924CC957}.Debug|x86.ActiveCfg = Debug|Any CPU
		{1D209336-4BD1-4815-B6CF-13D9924CC957}.Debug|x86.Build.0 = Debug|Any CPU
		{1D209336-4BD1-4815-B6CF-13D9924CC957}.Release|Any CPU.ActiveCfg = Release|Any CPU
		{1D209336-4BD1-4815-B6CF-13D9924CC957}.Release|Any CPU.Build.0 = Release|Any CPU
		{1D209336-4BD1-4815-B6CF-13D9924CC957}.Release|x64.ActiveCfg = Release|Any CPU
		{1D209336-4BD1-4815-B6CF-13D9924CC957}.Release|x64.Build.0 = Release|Any CPU
		{1D209336-4BD1-4815-B6CF-13D9924CC957}.Release|x86.ActiveCfg = Release|Any CPU
		{1D209336-4BD1-4815-B6CF-13D9924CC957}.Release|x86.Build.0 = Release|Any CPU
		{652A98E6-DFD1-44BD-8857-96362B8E5C5F}.Debug|Any CPU.ActiveCfg = Debug|Any CPU
		{652A98E6-DFD1-44BD-8857-96362B8E5C5F}.Debug|Any CPU.Build.0 = Debug|Any CPU
		{652A98E6-DFD1-44BD-8857-96362B8E5C5F}.Debug|x64.ActiveCfg = Debug|Any CPU
		{652A98E6-DFD1-44BD-8857-96362B8E5C5F}.Debug|x64.Build.0 = Debug|Any CPU
		{652A98E6-DFD1-44BD-8857-96362B8E5C5F}.Debug|x86.ActiveCfg = Debug|Any CPU
		{652A98E6-DFD1-44BD-8857-96362B8E5C5F}.Debug|x86.Build.0 = Debug|Any CPU
		{652A98E6-DFD1-44BD-8857-96362B8E5C5F}.Release|Any CPU.ActiveCfg = Release|Any CPU
		{652A98E6-DFD1-44BD-8857-96362B8E5C5F}.Release|Any CPU.Build.0 = Release|Any CPU
		{652A98E6-DFD1-44BD-8857-96362B8E5C5F}.Release|x64.ActiveCfg = Release|Any CPU
		{652A98E6-DFD1-44BD-8857-96362B8E5C5F}.Release|x64.Build.0 = Release|Any CPU
		{652A98E6-DFD1-44BD-8857-96362B8E5C5F}.Release|x86.ActiveCfg = Release|Any CPU
		{652A98E6-DFD1-44BD-8857-96362B8E5C5F}.Release|x86.Build.0 = Release|Any CPU
		{6F31B00A-F54C-47D4-BE20-521AEBB76560}.Debug|Any CPU.ActiveCfg = Debug|Any CPU
		{6F31B00A-F54C-47D4-BE20-521AEBB76560}.Debug|Any CPU.Build.0 = Debug|Any CPU
		{6F31B00A-F54C-47D4-BE20-521AEBB76560}.Debug|x64.ActiveCfg = Debug|Any CPU
		{6F31B00A-F54C-47D4-BE20-521AEBB76560}.Debug|x64.Build.0 = Debug|Any CPU
		{6F31B00A-F54C-47D4-BE20-521AEBB76560}.Debug|x86.ActiveCfg = Debug|Any CPU
		{6F31B00A-F54C-47D4-BE20-521AEBB76560}.Debug|x86.Build.0 = Debug|Any CPU
		{6F31B00A-F54C-47D4-BE20-521AEBB76560}.Release|Any CPU.ActiveCfg = Release|Any CPU
		{6F31B00A-F54C-47D4-BE20-521AEBB76560}.Release|Any CPU.Build.0 = Release|Any CPU
		{6F31B00A-F54C-47D4-BE20-521AEBB76560}.Release|x64.ActiveCfg = Release|Any CPU
		{6F31B00A-F54C-47D4-BE20-521AEBB76560}.Release|x64.Build.0 = Release|Any CPU
		{6F31B00A-F54C-47D4-BE20-521AEBB76560}.Release|x86.ActiveCfg = Release|Any CPU
		{6F31B00A-F54C-47D4-BE20-521AEBB76560}.Release|x86.Build.0 = Release|Any CPU
	EndGlobalSection
	GlobalSection(SolutionProperties) = preSolution
		HideSolutionNode = FALSE
	EndGlobalSection
	GlobalSection(NestedProjects) = preSolution
		{1D209336-4BD1-4815-B6CF-13D9924CC957} = {827E0CD3-B72D-47B6-A68D-7590B98EB39B}
		{652A98E6-DFD1-44BD-8857-96362B8E5C5F} = {0AB3BF05-4346-4AA6-1389-037BE0695223}
		{6F31B00A-F54C-47D4-BE20-521AEBB76560} = {0AB3BF05-4346-4AA6-1389-037BE0695223}
	EndGlobalSection
EndGlobal
